// !$*UTF8*$!
{
	archiveVersion = 1;
	classes = {
	};
	objectVersion = 46;
	objects = {

/* Begin PBXBuildFile section */
		AA09732B1EB0F14E00CD9E4E /* Annotation.swift in Sources */ = {isa = PBXBuildFile; fileRef = AA09732A1EB0F14E00CD9E4E /* Annotation.swift */; };
		AA73CB8F1EB3A716002512D8 /* WebView.swift in Sources */ = {isa = PBXBuildFile; fileRef = AA73CB8E1EB3A716002512D8 /* WebView.swift */; };
		AAC7E51B1EAF9187008B9C99 /* AppDelegate.swift in Sources */ = {isa = PBXBuildFile; fileRef = AAC7E51A1EAF9187008B9C99 /* AppDelegate.swift */; };
		AAC7E51D1EAF9187008B9C99 /* ViewController.swift in Sources */ = {isa = PBXBuildFile; fileRef = AAC7E51C1EAF9187008B9C99 /* ViewController.swift */; };
		AAC7E5201EAF9187008B9C99 /* Main.storyboard in Resources */ = {isa = PBXBuildFile; fileRef = AAC7E51E1EAF9187008B9C99 /* Main.storyboard */; };
		AAC7E5221EAF9187008B9C99 /* Assets.xcassets in Resources */ = {isa = PBXBuildFile; fileRef = AAC7E5211EAF9187008B9C99 /* Assets.xcassets */; };
		AAC7E5251EAF9187008B9C99 /* LaunchScreen.storyboard in Resources */ = {isa = PBXBuildFile; fileRef = AAC7E5231EAF9187008B9C99 /* LaunchScreen.storyboard */; };
		AAC7E52E1EAFBB30008B9C99 /* MapKit.framework in Frameworks */ = {isa = PBXBuildFile; fileRef = AAC7E52D1EAFBB30008B9C99 /* MapKit.framework */; };
/* End PBXBuildFile section */

/* Begin PBXFileReference section */
		AA09732A1EB0F14E00CD9E4E /* Annotation.swift */ = {isa = PBXFileReference; fileEncoding = 4; lastKnownFileType = sourcecode.swift; path = Annotation.swift; sourceTree = "<group>"; };
		AA73CB8E1EB3A716002512D8 /* WebView.swift */ = {isa = PBXFileReference; fileEncoding = 4; lastKnownFileType = sourcecode.swift; path = WebView.swift; sourceTree = "<group>"; };
		AAC7E5171EAF9187008B9C99 /* AppleMaps.app */ = {isa = PBXFileReference; explicitFileType = wrapper.application; includeInIndex = 0; path = AppleMaps.app; sourceTree = BUILT_PRODUCTS_DIR; };
		AAC7E51A1EAF9187008B9C99 /* AppDelegate.swift */ = {isa = PBXFileReference; lastKnownFileType = sourcecode.swift; path = AppDelegate.swift; sourceTree = "<group>"; };
		AAC7E51C1EAF9187008B9C99 /* ViewController.swift */ = {isa = PBXFileReference; lastKnownFileType = sourcecode.swift; path = ViewController.swift; sourceTree = "<group>"; };
		AAC7E51F1EAF9187008B9C99 /* Base */ = {isa = PBXFileReference; lastKnownFileType = file.storyboard; name = Base; path = Base.lproj/Main.storyboard; sourceTree = "<group>"; };
		AAC7E5211EAF9187008B9C99 /* Assets.xcassets */ = {isa = PBXFileReference; lastKnownFileType = folder.assetcatalog; path = Assets.xcassets; sourceTree = "<group>"; };
		AAC7E5241EAF9187008B9C99 /* Base */ = {isa = PBXFileReference; lastKnownFileType = file.storyboard; name = Base; path = Base.lproj/LaunchScreen.storyboard; sourceTree = "<group>"; };
		AAC7E5261EAF9187008B9C99 /* Info.plist */ = {isa = PBXFileReference; lastKnownFileType = text.plist.xml; path = Info.plist; sourceTree = "<group>"; };
		AAC7E52D1EAFBB30008B9C99 /* MapKit.framework */ = {isa = PBXFileReference; lastKnownFileType = wrapper.framework; name = MapKit.framework; path = System/Library/Frameworks/MapKit.framework; sourceTree = SDKROOT; };
/* End PBXFileReference section */

/* Begin PBXFrameworksBuildPhase section */
		AAC7E5141EAF9187008B9C99 /* Frameworks */ = {
			isa = PBXFrameworksBuildPhase;
			buildActionMask = 2147483647;
			files = (
				AAC7E52E1EAFBB30008B9C99 /* MapKit.framework in Frameworks */,
			);
			runOnlyForDeploymentPostprocessing = 0;
		};
/* End PBXFrameworksBuildPhase section */

/* Begin PBXGroup section */
		AAC7E50E1EAF9187008B9C99 = {
			isa = PBXGroup;
			children = (
				AAC7E5191EAF9187008B9C99 /* AppleMaps */,
				AAC7E5181EAF9187008B9C99 /* Products */,
				AAC7E52C1EAFBB30008B9C99 /* Frameworks */,
			);
			sourceTree = "<group>";
		};
		AAC7E5181EAF9187008B9C99 /* Products */ = {
			isa = PBXGroup;
			children = (
				AAC7E5171EAF9187008B9C99 /* AppleMaps.app */,
			);
			name = Products;
			sourceTree = "<group>";
		};
		AAC7E5191EAF9187008B9C99 /* AppleMaps */ = {
			isa = PBXGroup;
			children = (
				AAC7E51A1EAF9187008B9C99 /* AppDelegate.swift */,
				AAC7E51C1EAF9187008B9C99 /* ViewController.swift */,
				AA09732A1EB0F14E00CD9E4E /* Annotation.swift */,
				AAC7E51E1EAF9187008B9C99 /* Main.storyboard */,
				AA73CB8E1EB3A716002512D8 /* WebView.swift */,
				AAC7E5211EAF9187008B9C99 /* Assets.xcassets */,
				AAC7E5231EAF9187008B9C99 /* LaunchScreen.storyboard */,
				AAC7E5261EAF9187008B9C99 /* Info.plist */,
			);
			path = AppleMaps;
			sourceTree = "<group>";
		};
		AAC7E52C1EAFBB30008B9C99 /* Frameworks */ = {
			isa = PBXGroup;
			children = (
				AAC7E52D1EAFBB30008B9C99 /* MapKit.framework */,
			);
			name = Frameworks;
			sourceTree = "<group>";
		};
/* End PBXGroup section */

/* Begin PBXNativeTarget section */
		AAC7E5161EAF9187008B9C99 /* AppleMaps */ = {
			isa = PBXNativeTarget;
			buildConfigurationList = AAC7E5291EAF9187008B9C99 /* Build configuration list for PBXNativeTarget "AppleMaps" */;
			buildPhases = (
				AAC7E5131EAF9187008B9C99 /* Sources */,
				AAC7E5141EAF9187008B9C99 /* Frameworks */,
				AAC7E5151EAF9187008B9C99 /* Resources */,
			);
			buildRules = (
			);
			dependencies = (
			);
			name = AppleMaps;
			productName = AppleMaps;
			productReference = AAC7E5171EAF9187008B9C99 /* AppleMaps.app */;
			productType = "com.apple.product-type.application";
		};
/* End PBXNativeTarget section */

/* Begin PBXProject section */
		AAC7E50F1EAF9187008B9C99 /* Project object */ = {
			isa = PBXProject;
			attributes = {
				LastSwiftUpdateCheck = 0830;
				LastUpgradeCheck = 0830;
				ORGANIZATIONNAME = "George Correa";
				TargetAttributes = {
					AAC7E5161EAF9187008B9C99 = {
						CreatedOnToolsVersion = 8.3;
						DevelopmentTeam = 5P88HHTNS2;
						ProvisioningStyle = Automatic;
						SystemCapabilities = {
							com.apple.Maps.iOS = {
								enabled = 1;
							};
						};
					};
				};
			};
			buildConfigurationList = AAC7E5121EAF9187008B9C99 /* Build configuration list for PBXProject "AppleMaps" */;
			compatibilityVersion = "Xcode 3.2";
			developmentRegion = English;
			hasScannedForEncodings = 0;
			knownRegions = (
				en,
				Base,
			);
			mainGroup = AAC7E50E1EAF9187008B9C99;
			productRefGroup = AAC7E5181EAF9187008B9C99 /* Products */;
			projectDirPath = "";
			projectRoot = "";
			targets = (
				AAC7E5161EAF9187008B9C99 /* AppleMaps */,
			);
		};
/* End PBXProject section */

/* Begin PBXResourcesBuildPhase section */
		AAC7E5151EAF9187008B9C99 /* Resources */ = {
			isa = PBXResourcesBuildPhase;
			buildActionMask = 2147483647;
			files = (
				AAC7E5251EAF9187008B9C99 /* LaunchScreen.storyboard in Resources */,
				AAC7E5221EAF9187008B9C99 /* Assets.xcassets in Resources */,
				AAC7E5201EAF9187008B9C99 /* Main.storyboard in Resources */,
			);
			runOnlyForDeploymentPostprocessing = 0;
		};
/* End PBXResourcesBuildPhase section */

/* Begin PBXSourcesBuildPhase section */
		AAC7E5131EAF9187008B9C99 /* Sources */ = {
			isa = PBXSourcesBuildPhase;
			buildActionMask = 2147483647;
			files = (
				AAC7E51D1EAF9187008B9C99 /* ViewController.swift in Sources */,
				AA73CB8F1EB3A716002512D8 /* WebView.swift in Sources */,
				AA09732B1EB0F14E00CD9E4E /* Annotation.swift in Sources */,
				AAC7E51B1EAF9187008B9C99 /* AppDelegate.swift in Sources */,
			);
			runOnlyForDeploymentPostprocessing = 0;
		};
/* End PBXSourcesBuildPhase section */

/* Begin PBXVariantGroup section */
		AAC7E51E1EAF9187008B9C99 /* Main.storyboard */ = {
			isa = PBXVariantGroup;
			children = (
				AAC7E51F1EAF9187008B9C99 /* Base */,
			);
			name = Main.storyboard;
			sourceTree = "<group>";
		};
		AAC7E5231EAF9187008B9C99 /* LaunchScreen.storyboard */ = {
			isa = PBXVariantGroup;
			children = (
				AAC7E5241EAF9187008B9C99 /* Base */,
			);
			name = LaunchScreen.storyboard;
			sourceTree = "<group>";
		};
/* End PBXVariantGroup section */

/* Begin XCBuildConfiguration section */
		AAC7E5271EAF9187008B9C99 /* Debug */ = {
			isa = XCBuildConfiguration;
			buildSettings = {
				ALWAYS_SEARCH_USER_PATHS = NO;
				CLANG_ANALYZER_NONNULL = YES;
				CLANG_ANALYZER_NUMBER_OBJECT_CONVERSION = YES_AGGRESSIVE;
				CLANG_CXX_LANGUAGE_STANDARD = "gnu++0x";
				CLANG_CXX_LIBRARY = "libc++";
				CLANG_ENABLE_MODULES = YES;
				CLANG_ENABLE_OBJC_ARC = YES;
				CLANG_WARN_BOOL_CONVERSION = YES;
				CLANG_WARN_CONSTANT_CONVERSION = YES;
				CLANG_WARN_DIRECT_OBJC_ISA_USAGE = YES_ERROR;
				CLANG_WARN_DOCUMENTATION_COMMENTS = YES;
				CLANG_WARN_EMPTY_BODY = YES;
				CLANG_WARN_ENUM_CONVERSION = YES;
				CLANG_WARN_INFINITE_RECURSION = YES;
				CLANG_WARN_INT_CONVERSION = YES;
				CLANG_WARN_OBJC_ROOT_CLASS = YES_ERROR;
				CLANG_WARN_SUSPICIOUS_MOVE = YES;
				CLANG_WARN_UNREACHABLE_CODE = YES;
				CLANG_WARN__DUPLICATE_METHOD_MATCH = YES;
				"CODE_SIGN_IDENTITY[sdk=iphoneos*]" = "iPhone Developer";
				COPY_PHASE_STRIP = NO;
				DEBUG_INFORMATION_FORMAT = dwarf;
				ENABLE_STRICT_OBJC_MSGSEND = YES;
				ENABLE_TESTABILITY = YES;
				GCC_C_LANGUAGE_STANDARD = gnu99;
				GCC_DYNAMIC_NO_PIC = NO;
				GCC_NO_COMMON_BLOCKS = YES;
				GCC_OPTIMIZATION_LEVEL = 0;
				GCC_PREPROCESSOR_DEFINITIONS = (
					"DEBUG=1",
					"$(inherited)",
				);
				GCC_WARN_64_TO_32_BIT_CONVERSION = YES;
				GCC_WARN_ABOUT_RETURN_TYPE = YES_ERROR;
				GCC_WARN_UNDECLARED_SELECTOR = YES;
				GCC_WARN_UNINITIALIZED_AUTOS = YES_AGGRESSIVE;
				GCC_WARN_UNUSED_FUNCTION = YES;
				GCC_WARN_UNUSED_VARIABLE = YES;
				IPHONEOS_DEPLOYMENT_TARGET = 10.3;
				MTL_ENABLE_DEBUG_INFO = YES;
				ONLY_ACTIVE_ARCH = YES;
				SDKROOT = iphoneos;
				SWIFT_ACTIVE_COMPILATION_CONDITIONS = DEBUG;
				SWIFT_OPTIMIZATION_LEVEL = "-Onone";
				TARGETED_DEVICE_FAMILY = "1,2";
			};
			name = Debug;
		};
		AAC7E5281EAF9187008B9C99 /* Release */ = {
			isa = XCBuildConfiguration;
			buildSettings = {
				ALWAYS_SEARCH_USER_PATHS = NO;
				CLANG_ANALYZER_NONNULL = YES;
				CLANG_ANALYZER_NUMBER_OBJECT_CONVERSION = YES_AGGRESSIVE;
				CLANG_CXX_LANGUAGE_STANDARD = "gnu++0x";
				CLANG_CXX_LIBRARY = "libc++";
				CLANG_ENABLE_MODULES = YES;
				CLANG_ENABLE_OBJC_ARC = YES;
				CLANG_WARN_BOOL_CONVERSION = YES;
				CLANG_WARN_CONSTANT_CONVERSION = YES;
				CLANG_WARN_DIRECT_OBJC_ISA_USAGE = YES_ERROR;
				CLANG_WARN_DOCUMENTATION_COMMENTS = YES;
				CLANG_WARN_EMPTY_BODY = YES;
				CLANG_WARN_ENUM_CONVERSION = YES;
				CLANG_WARN_INFINITE_RECURSION = YES;
				CLANG_WARN_INT_CONVERSION = YES;
				CLANG_WARN_OBJC_ROOT_CLASS = YES_ERROR;
				CLANG_WARN_SUSPICIOUS_MOVE = YES;
				CLANG_WARN_UNREACHABLE_CODE = YES;
				CLANG_WARN__DUPLICATE_METHOD_MATCH = YES;
				"CODE_SIGN_IDENTITY[sdk=iphoneos*]" = "iPhone Developer";
				COPY_PHASE_STRIP = NO;
				DEBUG_INFORMATION_FORMAT = "dwarf-with-dsym";
				ENABLE_NS_ASSERTIONS = NO;
				ENABLE_STRICT_OBJC_MSGSEND = YES;
				GCC_C_LANGUAGE_STANDARD = gnu99;
				GCC_NO_COMMON_BLOCKS = YES;
				GCC_WARN_64_TO_32_BIT_CONVERSION = YES;
				GCC_WARN_ABOUT_RETURN_TYPE = YES_ERROR;
				GCC_WARN_UNDECLARED_SELECTOR = YES;
				GCC_WARN_UNINITIALIZED_AUTOS = YES_AGGRESSIVE;
				GCC_WARN_UNUSED_FUNCTION = YES;
				GCC_WARN_UNUSED_VARIABLE = YES;
				IPHONEOS_DEPLOYMENT_TARGET = 10.3;
				MTL_ENABLE_DEBUG_INFO = NO;
				SDKROOT = iphoneos;
				SWIFT_OPTIMIZATION_LEVEL = "-Owholemodule";
				TARGETED_DEVICE_FAMILY = "1,2";
				VALIDATE_PRODUCT = YES;
			};
			name = Release;
		};
		AAC7E52A1EAF9187008B9C99 /* Debug */ = {
			isa = XCBuildConfiguration;
			buildSettings = {
				ASSETCATALOG_COMPILER_APPICON_NAME = AppIcon;
				DEVELOPMENT_TEAM = 5P88HHTNS2;
				INFOPLIST_FILE = AppleMaps/Info.plist;
				LD_RUNPATH_SEARCH_PATHS = "$(inherited) @executable_path/Frameworks";
				PRODUCT_BUNDLE_IDENTIFIER = TTT.AppleMaps;
				PRODUCT_NAME = "$(TARGET_NAME)";
				SWIFT_VERSION = 3.0;
			};
			name = Debug;
		};
		AAC7E52B1EAF9187008B9C99 /* Release */ = {
			isa = XCBuildConfiguration;
			buildSettings = {
				ASSETCATALOG_COMPILER_APPICON_NAME = AppIcon;
				DEVELOPMENT_TEAM = 5P88HHTNS2;
				INFOPLIST_FILE = AppleMaps/Info.plist;
				LD_RUNPATH_SEARCH_PATHS = "$(inherited) @executable_path/Frameworks";
				PRODUCT_BUNDLE_IDENTIFIER = TTT.AppleMaps;
				PRODUCT_NAME = "$(TARGET_NAME)";
				SWIFT_VERSION = 3.0;
			};
			name = Release;
		};
/* End XCBuildConfiguration section */

/* Begin XCConfigurationList section */
		AAC7E5121EAF9187008B9C99 /* Build configuration list for PBXProject "AppleMaps" */ = {
			isa = XCConfigurationList;
			buildConfigurations = (
				AAC7E5271EAF9187008B9C99 /* Debug */,
				AAC7E5281EAF9187008B9C99 /* Release */,
			);
			defaultConfigurationIsVisible = 0;
			defaultConfigurationName = Release;
		};
		AAC7E5291EAF9187008B9C99 /* Build configuration list for PBXNativeTarget "AppleMaps" */ = {
			isa = XCConfigurationList;
			buildConfigurations = (
				AAC7E52A1EAF9187008B9C99 /* Debug */,
				AAC7E52B1EAF9187008B9C99 /* Release */,
			);
			defaultConfigurationIsVisible = 0;
			defaultConfigurationName = Release;
		};
/* End XCConfigurationList section */
	};
	rootObject = AAC7E50F1EAF9187008B9C99 /* Project object */;
}
